
Microsoft Visual Studio Solution File, Format Version 12.00
# Visual Studio Version 17
VisualStudioVersion = 17.14.36301.6
MinimumVisualStudioVersion = 10.0.40219.1
Project("{FAE04EC0-301F-11D3-BF4B-00C04F79EFBC}") = "FirstMVCApp", "FirstMVCApp\FirstMVCApp.csproj", "{76AE207C-C140-4A08-949F-353FD11AC9B6}"
EndProject
Project("{FAE04EC0-301F-11D3-BF4B-00C04F79EFBC}") = "MyApi", "MyApi\MyApi.csproj", "{C72F703A-F203-4D4A-B397-BE00EE9EBC3B}"
EndProject
Project("{FAE04EC0-301F-11D3-BF4B-00C04F79EFBC}") = "AuthenticationService", "AuthenticationService\AuthenticationService.csproj", "{DB8681D6-FCFE-459F-AAAD-391F91609341}"
EndProject
Global
	GlobalSection(SolutionConfigurationPlatforms) = preSolution
		Debug|Any CPU = Debug|Any CPU
		Release|Any CPU = Release|Any CPU
	EndGlobalSection
	GlobalSection(ProjectConfigurationPlatforms) = postSolution
		{76AE207C-C140-4A08-949F-353FD11AC9B6}.Debug|Any CPU.ActiveCfg = Debug|Any CPU
		{76AE207C-C140-4A08-949F-353FD11AC9B6}.Debug|Any CPU.Build.0 = Debug|Any CPU
		{76AE207C-C140-4A08-949F-353FD11AC9B6}.Release|Any CPU.ActiveCfg = Release|Any CPU
		{76AE207C-C140-4A08-949F-353FD11AC9B6}.Release|Any CPU.Build.0 = Release|Any CPU
		{C72F703A-F203-4D4A-B397-BE00EE9EBC3B}.Debug|Any CPU.ActiveCfg = Debug|Any CPU
		{C72F703A-F203-4D4A-B397-BE00EE9EBC3B}.Debug|Any CPU.Build.0 = Debug|Any CPU
		{C72F703A-F203-4D4A-B397-BE00EE9EBC3B}.Release|Any CPU.ActiveCfg = Release|Any CPU
		{C72F703A-F203-4D4A-B397-BE00EE9EBC3B}.Release|Any CPU.Build.0 = Release|Any CPU
		{DB8681D6-FCFE-459F-AAAD-391F91609341}.Debug|Any CPU.ActiveCfg = Debug|Any CPU
		{DB8681D6-FCFE-459F-AAAD-391F91609341}.Debug|Any CPU.Build.0 = Debug|Any CPU
		{DB8681D6-FCFE-459F-AAAD-391F91609341}.Release|Any CPU.ActiveCfg = Release|Any CPU
		{DB8681D6-FCFE-459F-AAAD-391F91609341}.Release|Any CPU.Build.0 = Release|Any CPU
	EndGlobalSection
	GlobalSection(SolutionProperties) = preSolution
		HideSolutionNode = FALSE
	EndGlobalSection
	GlobalSection(ExtensibilityGlobals) = postSolution
		SolutionGuid = {5CB09EED-EEBC-4285-8236-9809437BCE60}
	EndGlobalSection
EndGlobal
